
Microsoft Visual Studio Solution File, Format Version 12.00
# Visual Studio Version 17
VisualStudioVersion = 17.14.36616.10 d17.14
MinimumVisualStudioVersion = 10.0.40219.1
Project("{FAE04EC0-301F-11D3-BF4B-00C04F79EFBC}") = "8.2", "8.2.csproj", "{0EAF2437-91FF-4DC6-9EEA-7536D62982DC}"
EndProject
Global
	GlobalSection(SolutionConfigurationPlatforms) = preSolution
		Debug|Any CPU = Debug|Any CPU
		Release|Any CPU = Release|Any CPU
	EndGlobalSection
	GlobalSection(ProjectConfigurationPlatforms) = postSolution
		{0EAF2437-91FF-4DC6-9EEA-7536D62982DC}.Debug|Any CPU.ActiveCfg = Debug|Any CPU
		{0EAF2437-91FF-4DC6-9EEA-7536D62982DC}.Debug|Any CPU.Build.0 = Debug|Any CPU
		{0EAF2437-91FF-4DC6-9EEA-7536D62982DC}.Release|Any CPU.ActiveCfg = Release|Any CPU
		{0EAF2437-91FF-4DC6-9EEA-7536D62982DC}.Release|Any CPU.Build.0 = Release|Any CPU
	EndGlobalSection
	GlobalSection(SolutionProperties) = preSolution
		HideSolutionNode = FALSE
	EndGlobalSection
	GlobalSection(ExtensibilityGlobals) = postSolution
		SolutionGuid = {63DE5893-20C9-480D-A2EA-A1E92D9D703B}
	EndGlobalSection
EndGlobal
