
Microsoft Visual Studio Solution File, Format Version 12.00
# Visual Studio Version 17
VisualStudioVersion = 17.14.36616.10 d17.14
MinimumVisualStudioVersion = 10.0.40219.1
Project("{FAE04EC0-301F-11D3-BF4B-00C04F79EFBC}") = "9", "9.csproj", "{4436AEFB-1E92-40EB-8961-DC645994F1D1}"
EndProject
Global
	GlobalSection(SolutionConfigurationPlatforms) = preSolution
		Debug|Any CPU = Debug|Any CPU
		Release|Any CPU = Release|Any CPU
	EndGlobalSection
	GlobalSection(ProjectConfigurationPlatforms) = postSolution
		{4436AEFB-1E92-40EB-8961-DC645994F1D1}.Debug|Any CPU.ActiveCfg = Debug|Any CPU
		{4436AEFB-1E92-40EB-8961-DC645994F1D1}.Debug|Any CPU.Build.0 = Debug|Any CPU
		{4436AEFB-1E92-40EB-8961-DC645994F1D1}.Release|Any CPU.ActiveCfg = Release|Any CPU
		{4436AEFB-1E92-40EB-8961-DC645994F1D1}.Release|Any CPU.Build.0 = Release|Any CPU
	EndGlobalSection
	GlobalSection(SolutionProperties) = preSolution
		HideSolutionNode = FALSE
	EndGlobalSection
	GlobalSection(ExtensibilityGlobals) = postSolution
		SolutionGuid = {D2301D28-9EFE-430D-B88A-E362767D548D}
	EndGlobalSection
EndGlobal
