
Microsoft Visual Studio Solution File, Format Version 12.00
# Visual Studio Version 17
VisualStudioVersion = 17.14.36616.10 d17.14
MinimumVisualStudioVersion = 10.0.40219.1
Project("{FAE04EC0-301F-11D3-BF4B-00C04F79EFBC}") = "ConsoleApp1", "ConsoleApp1.csproj", "{D0B63C76-6A9D-4762-BD73-B4A8117E765B}"
EndProject
Global
	GlobalSection(SolutionConfigurationPlatforms) = preSolution
		Debug|Any CPU = Debug|Any CPU
		Release|Any CPU = Release|Any CPU
	EndGlobalSection
	GlobalSection(ProjectConfigurationPlatforms) = postSolution
		{D0B63C76-6A9D-4762-BD73-B4A8117E765B}.Debug|Any CPU.ActiveCfg = Debug|Any CPU
		{D0B63C76-6A9D-4762-BD73-B4A8117E765B}.Debug|Any CPU.Build.0 = Debug|Any CPU
		{D0B63C76-6A9D-4762-BD73-B4A8117E765B}.Release|Any CPU.ActiveCfg = Release|Any CPU
		{D0B63C76-6A9D-4762-BD73-B4A8117E765B}.Release|Any CPU.Build.0 = Release|Any CPU
	EndGlobalSection
	GlobalSection(SolutionProperties) = preSolution
		HideSolutionNode = FALSE
	EndGlobalSection
	GlobalSection(ExtensibilityGlobals) = postSolution
		SolutionGuid = {1CA3592E-C8EC-4625-A857-634EEDF38999}
	EndGlobalSection
EndGlobal
