
Microsoft Visual Studio Solution File, Format Version 12.00
# Visual Studio Version 17
VisualStudioVersion = 17.14.36616.10 d17.14
MinimumVisualStudioVersion = 10.0.40219.1
Project("{FAE04EC0-301F-11D3-BF4B-00C04F79EFBC}") = "task10.2", "task10.2.csproj", "{2F761A4B-1530-4C5E-9085-06D0807F833A}"
EndProject
Global
	GlobalSection(SolutionConfigurationPlatforms) = preSolution
		Debug|Any CPU = Debug|Any CPU
		Release|Any CPU = Release|Any CPU
	EndGlobalSection
	GlobalSection(ProjectConfigurationPlatforms) = postSolution
		{2F761A4B-1530-4C5E-9085-06D0807F833A}.Debug|Any CPU.ActiveCfg = Debug|Any CPU
		{2F761A4B-1530-4C5E-9085-06D0807F833A}.Debug|Any CPU.Build.0 = Debug|Any CPU
		{2F761A4B-1530-4C5E-9085-06D0807F833A}.Release|Any CPU.ActiveCfg = Release|Any CPU
		{2F761A4B-1530-4C5E-9085-06D0807F833A}.Release|Any CPU.Build.0 = Release|Any CPU
	EndGlobalSection
	GlobalSection(SolutionProperties) = preSolution
		HideSolutionNode = FALSE
	EndGlobalSection
	GlobalSection(ExtensibilityGlobals) = postSolution
		SolutionGuid = {20098D67-B5CB-4C4A-9C55-726A67293C4A}
	EndGlobalSection
EndGlobal
