
Microsoft Visual Studio Solution File, Format Version 12.00
# Visual Studio Version 17
VisualStudioVersion = 17.14.36603.0 d17.14
MinimumVisualStudioVersion = 10.0.40219.1
Project("{FAE04EC0-301F-11D3-BF4B-00C04F79EFBC}") = "CheckCharacter", "CheckCharacter\CheckCharacter.csproj", "{1AE0D179-1FA4-44B8-8A27-4C835D1D270D}"
EndProject
Global
	GlobalSection(SolutionConfigurationPlatforms) = preSolution
		Debug|Any CPU = Debug|Any CPU
		Release|Any CPU = Release|Any CPU
	EndGlobalSection
	GlobalSection(ProjectConfigurationPlatforms) = postSolution
		{1AE0D179-1FA4-44B8-8A27-4C835D1D270D}.Debug|Any CPU.ActiveCfg = Debug|Any CPU
		{1AE0D179-1FA4-44B8-8A27-4C835D1D270D}.Debug|Any CPU.Build.0 = Debug|Any CPU
		{1AE0D179-1FA4-44B8-8A27-4C835D1D270D}.Release|Any CPU.ActiveCfg = Release|Any CPU
		{1AE0D179-1FA4-44B8-8A27-4C835D1D270D}.Release|Any CPU.Build.0 = Release|Any CPU
	EndGlobalSection
	GlobalSection(SolutionProperties) = preSolution
		HideSolutionNode = FALSE
	EndGlobalSection
	GlobalSection(ExtensibilityGlobals) = postSolution
		SolutionGuid = {435FACCF-E555-46B5-8AAA-CF88DA15CD61}
	EndGlobalSection
EndGlobal
