
Microsoft Visual Studio Solution File, Format Version 12.00
# Visual Studio Version 17
VisualStudioVersion = 17.14.36930.0 d17.14
MinimumVisualStudioVersion = 10.0.40219.1
Project("{FAE04EC0-301F-11D3-BF4B-00C04F79EFBC}") = "Shapes", "Shapes\Shapes.csproj", "{DCBC2559-E491-463E-8CCE-D6EF5E6C1AB2}"
EndProject
Global
	GlobalSection(SolutionConfigurationPlatforms) = preSolution
		Debug|Any CPU = Debug|Any CPU
		Release|Any CPU = Release|Any CPU
	EndGlobalSection
	GlobalSection(ProjectConfigurationPlatforms) = postSolution
		{DCBC2559-E491-463E-8CCE-D6EF5E6C1AB2}.Debug|Any CPU.ActiveCfg = Debug|Any CPU
		{DCBC2559-E491-463E-8CCE-D6EF5E6C1AB2}.Debug|Any CPU.Build.0 = Debug|Any CPU
		{DCBC2559-E491-463E-8CCE-D6EF5E6C1AB2}.Release|Any CPU.ActiveCfg = Release|Any CPU
		{DCBC2559-E491-463E-8CCE-D6EF5E6C1AB2}.Release|Any CPU.Build.0 = Release|Any CPU
	EndGlobalSection
	GlobalSection(SolutionProperties) = preSolution
		HideSolutionNode = FALSE
	EndGlobalSection
	GlobalSection(ExtensibilityGlobals) = postSolution
		SolutionGuid = {E45DDFD7-C663-44EA-BB27-25F86A207B04}
	EndGlobalSection
EndGlobal
