
Microsoft Visual Studio Solution File, Format Version 12.00
# Visual Studio Version 17
VisualStudioVersion = 17.14.36603.0 d17.14
MinimumVisualStudioVersion = 10.0.40219.1
Project("{FAE04EC0-301F-11D3-BF4B-00C04F79EFBC}") = "Logic", "Logic\Logic.csproj", "{FC5533D4-4AFD-4917-A261-F678762207BA}"
EndProject
Global
	GlobalSection(SolutionConfigurationPlatforms) = preSolution
		Debug|Any CPU = Debug|Any CPU
		Release|Any CPU = Release|Any CPU
	EndGlobalSection
	GlobalSection(ProjectConfigurationPlatforms) = postSolution
		{FC5533D4-4AFD-4917-A261-F678762207BA}.Debug|Any CPU.ActiveCfg = Debug|Any CPU
		{FC5533D4-4AFD-4917-A261-F678762207BA}.Debug|Any CPU.Build.0 = Debug|Any CPU
		{FC5533D4-4AFD-4917-A261-F678762207BA}.Release|Any CPU.ActiveCfg = Release|Any CPU
		{FC5533D4-4AFD-4917-A261-F678762207BA}.Release|Any CPU.Build.0 = Release|Any CPU
	EndGlobalSection
	GlobalSection(SolutionProperties) = preSolution
		HideSolutionNode = FALSE
	EndGlobalSection
	GlobalSection(ExtensibilityGlobals) = postSolution
		SolutionGuid = {28644D5E-B1F8-4FE2-A064-624AF744F253}
	EndGlobalSection
EndGlobal
