
Microsoft Visual Studio Solution File, Format Version 12.00
# Visual Studio Version 17
VisualStudioVersion = 17.14.36908.2
MinimumVisualStudioVersion = 10.0.40219.1
Project("{FAE04EC0-301F-11D3-BF4B-00C04F79EFBC}") = "Eucid", "Eucid\Eucid.csproj", "{52628FD4-3D4B-47E5-A16F-B08DA8691734}"
EndProject
Project("{FAE04EC0-301F-11D3-BF4B-00C04F79EFBC}") = "EuclidConsole", "EuclidConsole\EuclidConsole.csproj", "{5EB287AC-97C0-463F-8521-AE13B4C79638}"
EndProject
Project("{FAE04EC0-301F-11D3-BF4B-00C04F79EFBC}") = "Euclid.UnitTests", "Euclid.UnitTests\Euclid.UnitTests.csproj", "{4F21D8AF-125A-434A-AD8F-18AB87E4FDF1}"
EndProject
Project("{FAE04EC0-301F-11D3-BF4B-00C04F79EFBC}") = "Rotation", "Rotation\Rotation.csproj", "{8D21550B-FD8C-46DF-AD4A-734A8620108F}"
EndProject
Global
	GlobalSection(SolutionConfigurationPlatforms) = preSolution
		Debug|Any CPU = Debug|Any CPU
		Release|Any CPU = Release|Any CPU
	EndGlobalSection
	GlobalSection(ProjectConfigurationPlatforms) = postSolution
		{52628FD4-3D4B-47E5-A16F-B08DA8691734}.Debug|Any CPU.ActiveCfg = Debug|Any CPU
		{52628FD4-3D4B-47E5-A16F-B08DA8691734}.Debug|Any CPU.Build.0 = Debug|Any CPU
		{52628FD4-3D4B-47E5-A16F-B08DA8691734}.Release|Any CPU.ActiveCfg = Release|Any CPU
		{52628FD4-3D4B-47E5-A16F-B08DA8691734}.Release|Any CPU.Build.0 = Release|Any CPU
		{5EB287AC-97C0-463F-8521-AE13B4C79638}.Debug|Any CPU.ActiveCfg = Debug|Any CPU
		{5EB287AC-97C0-463F-8521-AE13B4C79638}.Debug|Any CPU.Build.0 = Debug|Any CPU
		{5EB287AC-97C0-463F-8521-AE13B4C79638}.Release|Any CPU.ActiveCfg = Release|Any CPU
		{5EB287AC-97C0-463F-8521-AE13B4C79638}.Release|Any CPU.Build.0 = Release|Any CPU
		{4F21D8AF-125A-434A-AD8F-18AB87E4FDF1}.Debug|Any CPU.ActiveCfg = Debug|Any CPU
		{4F21D8AF-125A-434A-AD8F-18AB87E4FDF1}.Debug|Any CPU.Build.0 = Debug|Any CPU
		{4F21D8AF-125A-434A-AD8F-18AB87E4FDF1}.Release|Any CPU.ActiveCfg = Release|Any CPU
		{4F21D8AF-125A-434A-AD8F-18AB87E4FDF1}.Release|Any CPU.Build.0 = Release|Any CPU
		{8D21550B-FD8C-46DF-AD4A-734A8620108F}.Debug|Any CPU.ActiveCfg = Debug|Any CPU
		{8D21550B-FD8C-46DF-AD4A-734A8620108F}.Debug|Any CPU.Build.0 = Debug|Any CPU
		{8D21550B-FD8C-46DF-AD4A-734A8620108F}.Release|Any CPU.ActiveCfg = Release|Any CPU
		{8D21550B-FD8C-46DF-AD4A-734A8620108F}.Release|Any CPU.Build.0 = Release|Any CPU
	EndGlobalSection
	GlobalSection(SolutionProperties) = preSolution
		HideSolutionNode = FALSE
	EndGlobalSection
	GlobalSection(ExtensibilityGlobals) = postSolution
		SolutionGuid = {9B389223-F2DA-4DC0-AE46-A8F14BEEDD3D}
	EndGlobalSection
EndGlobal
