
Microsoft Visual Studio Solution File, Format Version 12.00
# Visual Studio Version 17
VisualStudioVersion = 17.13.35931.197 d17.13
MinimumVisualStudioVersion = 10.0.40219.1
Project("{FAE04EC0-301F-11D3-BF4B-00C04F79EFBC}") = "Task05", "Task05\Task05.csproj", "{CCCBB4A8-BE0D-4246-8FA5-8C8D997D7E59}"
EndProject
Global
	GlobalSection(SolutionConfigurationPlatforms) = preSolution
		Debug|Any CPU = Debug|Any CPU
		Release|Any CPU = Release|Any CPU
	EndGlobalSection
	GlobalSection(ProjectConfigurationPlatforms) = postSolution
		{CCCBB4A8-BE0D-4246-8FA5-8C8D997D7E59}.Debug|Any CPU.ActiveCfg = Debug|Any CPU
		{CCCBB4A8-BE0D-4246-8FA5-8C8D997D7E59}.Debug|Any CPU.Build.0 = Debug|Any CPU
		{CCCBB4A8-BE0D-4246-8FA5-8C8D997D7E59}.Release|Any CPU.ActiveCfg = Release|Any CPU
		{CCCBB4A8-BE0D-4246-8FA5-8C8D997D7E59}.Release|Any CPU.Build.0 = Release|Any CPU
	EndGlobalSection
	GlobalSection(SolutionProperties) = preSolution
		HideSolutionNode = FALSE
	EndGlobalSection
	GlobalSection(ExtensibilityGlobals) = postSolution
		SolutionGuid = {F7481F04-811B-4A11-890C-65E8BE8CFC42}
	EndGlobalSection
EndGlobal
